// !$*UTF8*$!
{
	archiveVersion = 1;
	classes = {
	};
	objectVersion = 77;
	objects = {

/* Begin PBXBuildFile section */
		C115DF942FD87FDC00FF7F0C /* FirebaseAnalytics in Frameworks */ = {isa = PBXBuildFile; productRef = C115DF932FD87FDC00FF7F0C /* FirebaseAnalytics */; };
		C115DF962FD87FDC00FF7F0C /* FirebaseAuth in Frameworks */ = {isa = PBXBuildFile; productRef = C115DF952FD87FDC00FF7F0C /* FirebaseAuth */; };
		C115DF982FD87FDC00FF7F0C /* FirebaseCore in Frameworks */ = {isa = PBXBuildFile; productRef = C115DF972FD87FDC00FF7F0C /* FirebaseCore */; };
		C115DF9A2FD87FDC00FF7F0C /* FirebaseCrashlytics in Frameworks */ = {isa = PBXBuildFile; productRef = C115DF992FD87FDC00FF7F0C /* FirebaseCrashlytics */; };
/* End PBXBuildFile section */

/* Begin PBXContainerItemProxy section */
		C115DF732FD87E8A00FF7F0C /* PBXContainerItemProxy */ = {
			isa = PBXContainerItemProxy;
			containerPortal = C115DF582FD87E8800FF7F0C /* Project object */;
			proxyType = 1;
			remoteGlobalIDString = C115DF5F2FD87E8800FF7F0C;
			remoteInfo = bycoders;
		};
		C115DF7D2FD87E8A00FF7F0C /* PBXContainerItemProxy */ = {
			isa = PBXContainerItemProxy;
			containerPortal = C115DF582FD87E8800FF7F0C /* Project object */;
			proxyType = 1;
			remoteGlobalIDString = C115DF5F2FD87E8800FF7F0C;
			remoteInfo = bycoders;
		};
/* End PBXContainerItemProxy section */

/* Begin PBXFileReference section */
		C115DF602FD87E8900FF7F0C /* bycoders.app */ = {isa = PBXFileReference; explicitFileType = wrapper.application; includeInIndex = 0; path = bycoders.app; sourceTree = BUILT_PRODUCTS_DIR; };
		C115DF722FD87E8A00FF7F0C /* bycodersTests.xctest */ = {isa = PBXFileReference; explicitFileType = wrapper.cfbundle; includeInIndex = 0; path = bycodersTests.xctest; sourceTree = BUILT_PRODUCTS_DIR; };
		C115DF7C2FD87E8A00FF7F0C /* bycodersUITests.xctest */ = {isa = PBXFileReference; explicitFileType = wrapper.cfbundle; includeInIndex = 0; path = bycodersUITests.xctest; sourceTree = BUILT_PRODUCTS_DIR; };
/* End PBXFileReference section */

/* Begin PBXFileSystemSynchronizedRootGroup section */
		C115DF622FD87E8900FF7F0C /* bycoders */ = {
			isa = PBXFileSystemSynchronizedRootGroup;
			path = bycoders;
			sourceTree = "<group>";
		};
		C115DF752FD87E8A00FF7F0C /* bycodersTests */ = {
			isa = PBXFileSystemSynchronizedRootGroup;
			path = bycodersTests;
			sourceTree = "<group>";
		};
		C115DF7F2FD87E8A00FF7F0C /* bycodersUITests */ = {
			isa = PBXFileSystemSynchronizedRootGroup;
			path = bycodersUITests;
			sourceTree = "<group>";
		};
		C115DFC32FD89A3400FF7F0C /* Extensions */ = {
			isa = PBXFileSystemSynchronizedRootGroup;
			path = Extensions;
			sourceTree = "<group>";
		};
/* End PBXFileSystemSynchronizedRootGroup section */

/* Begin PBXFrameworksBuildPhase section */
		C115DF5D2FD87E8800FF7F0C /* Frameworks */ = {
			isa = PBXFrameworksBuildPhase;
			buildActionMask = 2147483647;
			files = (
				C115DF942FD87FDC00FF7F0C /* FirebaseAnalytics in Frameworks */,
				C115DF9A2FD87FDC00FF7F0C /* FirebaseCrashlytics in Frameworks */,
				C115DF982FD87FDC00FF7F0C /* FirebaseCore in Frameworks */,
				C115DF962FD87FDC00FF7F0C /* FirebaseAuth in Frameworks */,
			);
			runOnlyForDeploymentPostprocessing = 0;
		};
		C115DF6F2FD87E8A00FF7F0C /* Frameworks */ = {
			isa = PBXFrameworksBuildPhase;
			buildActionMask = 2147483647;
			files = (
			);
			runOnlyForDeploymentPostprocessing = 0;
		};
		C115DF792FD87E8A00FF7F0C /* Frameworks */ = {
			isa = PBXFrameworksBuildPhase;
			buildActionMask = 2147483647;
			files = (
			);
			runOnlyForDeploymentPostprocessing = 0;
		};
/* End PBXFrameworksBuildPhase section */

/* Begin PBXGroup section */
		C115DF572FD87E8800FF7F0C = {
			isa = PBXGroup;
			children = (
				C115DFC32FD89A3400FF7F0C /* Extensions */,
				C115DF622FD87E8900FF7F0C /* bycoders */,
				C115DF752FD87E8A00FF7F0C /* bycodersTests */,
				C115DF7F2FD87E8A00FF7F0C /* bycodersUITests */,
				C115DF612FD87E8900FF7F0C /* Products */,
			);
			sourceTree = "<group>";
		};
		C115DF612FD87E8900FF7F0C /* Products */ = {
			isa = PBXGroup;
			children = (
				C115DF602FD87E8900FF7F0C /* bycoders.app */,
				C115DF722FD87E8A00FF7F0C /* bycodersTests.xctest */,
				C115DF7C2FD87E8A00FF7F0C /* bycodersUITests.xctest */,
			);
			name = Products;
			sourceTree = "<group>";
		};
/* End PBXGroup section */

/* Begin PBXNativeTarget section */
		C115DF5F2FD87E8800FF7F0C /* bycoders */ = {
			isa = PBXNativeTarget;
			buildConfigurationList = C115DF862FD87E8A00FF7F0C /* Build configuration list for PBXNativeTarget "bycoders" */;
			buildPhases = (
				C115DF5C2FD87E8800FF7F0C /* Sources */,
				C115DF5D2FD87E8800FF7F0C /* Frameworks */,
				C115DF5E2FD87E8800FF7F0C /* Resources */,
			);
			buildRules = (
			);
			dependencies = (
			);
			fileSystemSynchronizedGroups = (
				C115DF622FD87E8900FF7F0C /* bycoders */,
				C115DFC32FD89A3400FF7F0C /* Extensions */,
			);
			name = bycoders;
			packageProductDependencies = (
				C115DF932FD87FDC00FF7F0C /* FirebaseAnalytics */,
				C115DF952FD87FDC00FF7F0C /* FirebaseAuth */,
				C115DF972FD87FDC00FF7F0C /* FirebaseCore */,
				C115DF992FD87FDC00FF7F0C /* FirebaseCrashlytics */,
			);
			productName = bycoders;
			productReference = C115DF602FD87E8900FF7F0C /* bycoders.app */;
			productType = "com.apple.product-type.application";
		};
		C115DF712FD87E8A00FF7F0C /* bycodersTests */ = {
			isa = PBXNativeTarget;
			buildConfigurationList = C115DF892FD87E8A00FF7F0C /* Build configuration list for PBXNativeTarget "bycodersTests" */;
			buildPhases = (
				C115DF6E2FD87E8A00FF7F0C /* Sources */,
				C115DF6F2FD87E8A00FF7F0C /* Frameworks */,
				C115DF702FD87E8A00FF7F0C /* Resources */,
			);
			buildRules = (
			);
			dependencies = (
				C115DF742FD87E8A00FF7F0C /* PBXTargetDependency */,
			);
			fileSystemSynchronizedGroups = (
				C115DF752FD87E8A00FF7F0C /* bycodersTests */,
			);
			name = bycodersTests;
			packageProductDependencies = (
			);
			productName = bycodersTests;
			productReference = C115DF722FD87E8A00FF7F0C /* bycodersTests.xctest */;
			productType = "com.apple.product-type.bundle.unit-test";
		};
		C115DF7B2FD87E8A00FF7F0C /* bycodersUITests */ = {
			isa = PBXNativeTarget;
			buildConfigurationList = C115DF8C2FD87E8A00FF7F0C /* Build configuration list for PBXNativeTarget "bycodersUITests" */;
			buildPhases = (
				C115DF782FD87E8A00FF7F0C /* Sources */,
				C115DF792FD87E8A00FF7F0C /* Frameworks */,
				C115DF7A2FD87E8A00FF7F0C /* Resources */,
			);
			buildRules = (
			);
			dependencies = (
				C115DF7E2FD87E8A00FF7F0C /* PBXTargetDependency */,
			);
			fileSystemSynchronizedGroups = (
				C115DF7F2FD87E8A00FF7F0C /* bycodersUITests */,
			);
			name = bycodersUITests;
			packageProductDependencies = (
			);
			productName = bycodersUITests;
			productReference = C115DF7C2FD87E8A00FF7F0C /* bycodersUITests.xctest */;
			productType = "com.apple.product-type.bundle.ui-testing";
		};
/* End PBXNativeTarget section */

/* Begin PBXProject section */
		C115DF582FD87E8800FF7F0C /* Project object */ = {
			isa = PBXProject;
			attributes = {
				BuildIndependentTargetsInParallel = 1;
				LastSwiftUpdateCheck = 2610;
				LastUpgradeCheck = 2610;
				TargetAttributes = {
					C115DF5F2FD87E8800FF7F0C = {
						CreatedOnToolsVersion = 26.1;
					};
					C115DF712FD87E8A00FF7F0C = {
						CreatedOnToolsVersion = 26.1;
						TestTargetID = C115DF5F2FD87E8800FF7F0C;
					};
					C115DF7B2FD87E8A00FF7F0C = {
						CreatedOnToolsVersion = 26.1;
						TestTargetID = C115DF5F2FD87E8800FF7F0C;
					};
				};
			};
			buildConfigurationList = C115DF5B2FD87E8800FF7F0C /* Build configuration list for PBXProject "bycoders" */;
			developmentRegion = en;
			hasScannedForEncodings = 0;
			knownRegions = (
				en,
				Base,
			);
			mainGroup = C115DF572FD87E8800FF7F0C;
			minimizedProjectReferenceProxies = 1;
			packageReferences = (
				C115DF922FD87FDB00FF7F0C /* XCRemoteSwiftPackageReference "firebase-ios-sdk" */,
			);
			preferredProjectObjectVersion = 77;
			productRefGroup = C115DF612FD87E8900FF7F0C /* Products */;
			projectDirPath = "";
			projectRoot = "";
			targets = (
				C115DF5F2FD87E8800FF7F0C /* bycoders */,
				C115DF712FD87E8A00FF7F0C /* bycodersTests */,
				C115DF7B2FD87E8A00FF7F0C /* bycodersUITests */,
			);
		};
/* End PBXProject section */

/* Begin PBXResourcesBuildPhase section */
		C115DF5E2FD87E8800FF7F0C /* Resources */ = {
			isa = PBXResourcesBuildPhase;
			buildActionMask = 2147483647;
			files = (
			);
			runOnlyForDeploymentPostprocessing = 0;
		};
		C115DF702FD87E8A00FF7F0C /* Resources */ = {
			isa = PBXResourcesBuildPhase;
			buildActionMask = 2147483647;
			files = (
			);
			runOnlyForDeploymentPostprocessing = 0;
		};
		C115DF7A2FD87E8A00FF7F0C /* Resources */ = {
			isa = PBXResourcesBuildPhase;
			buildActionMask = 2147483647;
			files = (
			);
			runOnlyForDeploymentPostprocessing = 0;
		};
/* End PBXResourcesBuildPhase section */

/* Begin PBXSourcesBuildPhase section */
		C115DF5C2FD87E8800FF7F0C /* Sources */ = {
			isa = PBXSourcesBuildPhase;
			buildActionMask = 2147483647;
			files = (
			);
			runOnlyForDeploymentPostprocessing = 0;
		};
		C115DF6E2FD87E8A00FF7F0C /* Sources */ = {
			isa = PBXSourcesBuildPhase;
			buildActionMask = 2147483647;
			files = (
			);
			runOnlyForDeploymentPostprocessing = 0;
		};
		C115DF782FD87E8A00FF7F0C /* Sources */ = {
			isa = PBXSourcesBuildPhase;
			buildActionMask = 2147483647;
			files = (
			);
			runOnlyForDeploymentPostprocessing = 0;
		};
/* End PBXSourcesBuildPhase section */

/* Begin PBXTargetDependency section */
		C115DF742FD87E8A00FF7F0C /* PBXTargetDependency */ = {
			isa = PBXTargetDependency;
			target = C115DF5F2FD87E8800FF7F0C /* bycoders */;
			targetProxy = C115DF732FD87E8A00FF7F0C /* PBXContainerItemProxy */;
		};
		C115DF7E2FD87E8A00FF7F0C /* PBXTargetDependency */ = {
			isa = PBXTargetDependency;
			target = C115DF5F2FD87E8800FF7F0C /* bycoders */;
			targetProxy = C115DF7D2FD87E8A00FF7F0C /* PBXContainerItemProxy */;
		};
/* End PBXTargetDependency section */

/* Begin XCBuildConfiguration section */
		C115DF842FD87E8A00FF7F0C /* Debug */ = {
			isa = XCBuildConfiguration;
			buildSettings = {
				ALWAYS_SEARCH_USER_PATHS = NO;
				ASSETCATALOG_COMPILER_GENERATE_SWIFT_ASSET_SYMBOL_EXTENSIONS = YES;
				CLANG_ANALYZER_NONNULL = YES;
				CLANG_ANALYZER_NUMBER_OBJECT_CONVERSION = YES_AGGRESSIVE;
				CLANG_CXX_LANGUAGE_STANDARD = "gnu++20";
				CLANG_ENABLE_MODULES = YES;
				CLANG_ENABLE_OBJC_ARC = YES;
				CLANG_ENABLE_OBJC_WEAK = YES;
				CLANG_WARN_BLOCK_CAPTURE_AUTORELEASING = YES;
				CLANG_WARN_BOOL_CONVERSION = YES;
				CLANG_WARN_COMMA = YES;
				CLANG_WARN_CONSTANT_CONVERSION = YES;
				CLANG_WARN_DEPRECATED_OBJC_IMPLEMENTATIONS = YES;
				CLANG_WARN_DIRECT_OBJC_ISA_USAGE = YES_ERROR;
				CLANG_WARN_DOCUMENTATION_COMMENTS = YES;
				CLANG_WARN_EMPTY_BODY = YES;
				CLANG_WARN_ENUM_CONVERSION = YES;
				CLANG_WARN_INFINITE_RECURSION = YES;
				CLANG_WARN_INT_CONVERSION = YES;
				CLANG_WARN_NON_LITERAL_NULL_CONVERSION = YES;
				CLANG_WARN_OBJC_IMPLICIT_RETAIN_SELF = YES;
				CLANG_WARN_OBJC_LITERAL_CONVERSION = YES;
				CLANG_WARN_OBJC_ROOT_CLASS = YES_ERROR;
				CLANG_WARN_QUOTED_INCLUDE_IN_FRAMEWORK_HEADER = YES;
				CLANG_WARN_RANGE_LOOP_ANALYSIS = YES;
				CLANG_WARN_STRICT_PROTOTYPES = YES;
				CLANG_WARN_SUSPICIOUS_MOVE = YES;
				CLANG_WARN_UNGUARDED_AVAILABILITY = YES_AGGRESSIVE;
				CLANG_WARN_UNREACHABLE_CODE = YES;
				CLANG_WARN__DUPLICATE_METHOD_MATCH = YES;
				COPY_PHASE_STRIP = NO;
				DEBUG_INFORMATION_FORMAT = dwarf;
				DEVELOPMENT_TEAM = 92QDX4L77M;
				ENABLE_STRICT_OBJC_MSGSEND = YES;
				ENABLE_TESTABILITY = YES;
				ENABLE_USER_SCRIPT_SANDBOXING = YES;
				GCC_C_LANGUAGE_STANDARD = gnu17;
				GCC_DYNAMIC_NO_PIC = NO;
				GCC_NO_COMMON_BLOCKS = YES;
				GCC_OPTIMIZATION_LEVEL = 0;
				GCC_PREPROCESSOR_DEFINITIONS = (
					"DEBUG=1",
					"$(inherited)",
				);
				GCC_WARN_64_TO_32_BIT_CONVERSION = YES;
				GCC_WARN_ABOUT_RETURN_TYPE = YES_ERROR;
				GCC_WARN_UNDECLARED_SELECTOR = YES;
				GCC_WARN_UNINITIALIZED_AUTOS = YES_AGGRESSIVE;
				GCC_WARN_UNUSED_FUNCTION = YES;
				GCC_WARN_UNUSED_VARIABLE = YES;
				IPHONEOS_DEPLOYMENT_TARGET = 26.1;
				LOCALIZATION_PREFERS_STRING_CATALOGS = YES;
				MTL_ENABLE_DEBUG_INFO = INCLUDE_SOURCE;
				MTL_FAST_MATH = YES;
				ONLY_ACTIVE_ARCH = YES;
				SDKROOT = iphoneos;
				SWIFT_ACTIVE_COMPILATION_CONDITIONS = "DEBUG $(inherited)";
				SWIFT_OPTIMIZATION_LEVEL = "-Onone";
			};
			name = Debug;
		};
		C115DF852FD87E8A00FF7F0C /* Release */ = {
			isa = XCBuildConfiguration;
			buildSettings = {
				ALWAYS_SEARCH_USER_PATHS = NO;
				ASSETCATALOG_COMPILER_GENERATE_SWIFT_ASSET_SYMBOL_EXTENSIONS = YES;
				CLANG_ANALYZER_NONNULL = YES;
				CLANG_ANALYZER_NUMBER_OBJECT_CONVERSION = YES_AGGRESSIVE;
				CLANG_CXX_LANGUAGE_STANDARD = "gnu++20";
				CLANG_ENABLE_MODULES = YES;
				CLANG_ENABLE_OBJC_ARC = YES;
				CLANG_ENABLE_OBJC_WEAK = YES;
				CLANG_WARN_BLOCK_CAPTURE_AUTORELEASING = YES;
				CLANG_WARN_BOOL_CONVERSION = YES;
				CLANG_WARN_COMMA = YES;
				CLANG_WARN_CONSTANT_CONVERSION = YES;
				CLANG_WARN_DEPRECATED_OBJC_IMPLEMENTATIONS = YES;
				CLANG_WARN_DIRECT_OBJC_ISA_USAGE = YES_ERROR;
				CLANG_WARN_DOCUMENTATION_COMMENTS = YES;
				CLANG_WARN_EMPTY_BODY = YES;
				CLANG_WARN_ENUM_CONVERSION = YES;
				CLANG_WARN_INFINITE_RECURSION = YES;
				CLANG_WARN_INT_CONVERSION = YES;
				CLANG_WARN_NON_LITERAL_NULL_CONVERSION = YES;
				CLANG_WARN_OBJC_IMPLICIT_RETAIN_SELF = YES;
				CLANG_WARN_OBJC_LITERAL_CONVERSION = YES;
				CLANG_WARN_OBJC_ROOT_CLASS = YES_ERROR;
				CLANG_WARN_QUOTED_INCLUDE_IN_FRAMEWORK_HEADER = YES;
				CLANG_WARN_RANGE_LOOP_ANALYSIS = YES;
				CLANG_WARN_STRICT_PROTOTYPES = YES;
				CLANG_WARN_SUSPICIOUS_MOVE = YES;
				CLANG_WARN_UNGUARDED_AVAILABILITY = YES_AGGRESSIVE;
				CLANG_WARN_UNREACHABLE_CODE = YES;
				CLANG_WARN__DUPLICATE_METHOD_MATCH = YES;
				COPY_PHASE_STRIP = NO;
				DEBUG_INFORMATION_FORMAT = "dwarf-with-dsym";
				DEVELOPMENT_TEAM = 92QDX4L77M;
				ENABLE_NS_ASSERTIONS = NO;
				ENABLE_STRICT_OBJC_MSGSEND = YES;
				ENABLE_USER_SCRIPT_SANDBOXING = YES;
				GCC_C_LANGUAGE_STANDARD = gnu17;
				GCC_NO_COMMON_BLOCKS = YES;
				GCC_WARN_64_TO_32_BIT_CONVERSION = YES;
				GCC_WARN_ABOUT_RETURN_TYPE = YES_ERROR;
				GCC_WARN_UNDECLARED_SELECTOR = YES;
				GCC_WARN_UNINITIALIZED_AUTOS = YES_AGGRESSIVE;
				GCC_WARN_UNUSED_FUNCTION = YES;
				GCC_WARN_UNUSED_VARIABLE = YES;
				IPHONEOS_DEPLOYMENT_TARGET = 26.1;
				LOCALIZATION_PREFERS_STRING_CATALOGS = YES;
				MTL_ENABLE_DEBUG_INFO = NO;
				MTL_FAST_MATH = YES;
				SDKROOT = iphoneos;
				SWIFT_COMPILATION_MODE = wholemodule;
				VALIDATE_PRODUCT = YES;
			};
			name = Release;
		};
		C115DF872FD87E8A00FF7F0C /* Debug */ = {
			isa = XCBuildConfiguration;
			buildSettings = {
				ASSETCATALOG_COMPILER_APPICON_NAME = AppIcon;
				ASSETCATALOG_COMPILER_GLOBAL_ACCENT_COLOR_NAME = AccentColor;
				CODE_SIGN_STYLE = Automatic;
				CURRENT_PROJECT_VERSION = 1;
				DEVELOPMENT_TEAM = 92QDX4L77M;
				ENABLE_PREVIEWS = YES;
				GENERATE_INFOPLIST_FILE = YES;
				INFOPLIST_KEY_NSLocationWhenInUseUsageDescription = "Precisamos da sua localização para mostrar sua posição atual no mapa";
				INFOPLIST_KEY_UIApplicationSceneManifest_Generation = YES;
				INFOPLIST_KEY_UIApplicationSupportsIndirectInputEvents = YES;
				INFOPLIST_KEY_UILaunchScreen_Generation = YES;
				INFOPLIST_KEY_UISupportedInterfaceOrientations_iPad = "UIInterfaceOrientationPortrait UIInterfaceOrientationPortraitUpsideDown UIInterfaceOrientationLandscapeLeft UIInterfaceOrientationLandscapeRight";
				INFOPLIST_KEY_UISupportedInterfaceOrientations_iPhone = "UIInterfaceOrientationPortrait UIInterfaceOrientationLandscapeLeft UIInterfaceOrientationLandscapeRight";
				LD_RUNPATH_SEARCH_PATHS = (
					"$(inherited)",
					"@executable_path/Frameworks",
				);
				MARKETING_VERSION = 1.0;
				PRODUCT_BUNDLE_IDENTIFIER = dev.aloisio.ByCoders;
				PRODUCT_NAME = "$(TARGET_NAME)";
				STRING_CATALOG_GENERATE_SYMBOLS = YES;
				SWIFT_APPROACHABLE_CONCURRENCY = YES;
				SWIFT_DEFAULT_ACTOR_ISOLATION = MainActor;
				SWIFT_EMIT_LOC_STRINGS = YES;
				SWIFT_UPCOMING_FEATURE_MEMBER_IMPORT_VISIBILITY = YES;
				SWIFT_VERSION = 5.0;
				TARGETED_DEVICE_FAMILY = "1,2";
			};
			name = Debug;
		};
		C115DF882FD87E8A00FF7F0C /* Release */ = {
			isa = XCBuildConfiguration;
			buildSettings = {
				ASSETCATALOG_COMPILER_APPICON_NAME = AppIcon;
				ASSETCATALOG_COMPILER_GLOBAL_ACCENT_COLOR_NAME = AccentColor;
				CODE_SIGN_STYLE = Automatic;
				CURRENT_PROJECT_VERSION = 1;
				DEVELOPMENT_TEAM = 92QDX4L77M;
				ENABLE_PREVIEWS = YES;
				GENERATE_INFOPLIST_FILE = YES;
				INFOPLIST_KEY_NSLocationWhenInUseUsageDescription = "Precisamos da sua localização para mostrar sua posição atual no mapa";
				INFOPLIST_KEY_UIApplicationSceneManifest_Generation = YES;
				INFOPLIST_KEY_UIApplicationSupportsIndirectInputEvents = YES;
				INFOPLIST_KEY_UILaunchScreen_Generation = YES;
				INFOPLIST_KEY_UISupportedInterfaceOrientations_iPad = "UIInterfaceOrientationPortrait UIInterfaceOrientationPortraitUpsideDown UIInterfaceOrientationLandscapeLeft UIInterfaceOrientationLandscapeRight";
				INFOPLIST_KEY_UISupportedInterfaceOrientations_iPhone = "UIInterfaceOrientationPortrait UIInterfaceOrientationLandscapeLeft UIInterfaceOrientationLandscapeRight";
				LD_RUNPATH_SEARCH_PATHS = (
					"$(inherited)",
					"@executable_path/Frameworks",
				);
				MARKETING_VERSION = 1.0;
				PRODUCT_BUNDLE_IDENTIFIER = dev.aloisio.ByCoders;
				PRODUCT_NAME = "$(TARGET_NAME)";
				STRING_CATALOG_GENERATE_SYMBOLS = YES;
				SWIFT_APPROACHABLE_CONCURRENCY = YES;
				SWIFT_DEFAULT_ACTOR_ISOLATION = MainActor;
				SWIFT_EMIT_LOC_STRINGS = YES;
				SWIFT_UPCOMING_FEATURE_MEMBER_IMPORT_VISIBILITY = YES;
				SWIFT_VERSION = 5.0;
				TARGETED_DEVICE_FAMILY = "1,2";
			};
			name = Release;
		};
		C115DF8A2FD87E8A00FF7F0C /* Debug */ = {
			isa = XCBuildConfiguration;
			buildSettings = {
				BUNDLE_LOADER = "$(TEST_HOST)";
				CODE_SIGN_STYLE = Automatic;
				CURRENT_PROJECT_VERSION = 1;
				DEVELOPMENT_TEAM = 92QDX4L77M;
				GENERATE_INFOPLIST_FILE = YES;
				IPHONEOS_DEPLOYMENT_TARGET = 26.1;
				MARKETING_VERSION = 1.0;
				PRODUCT_BUNDLE_IDENTIFIER = dev.aloisio.ByCodersTests;
				PRODUCT_NAME = "$(TARGET_NAME)";
				STRING_CATALOG_GENERATE_SYMBOLS = NO;
				SWIFT_APPROACHABLE_CONCURRENCY = YES;
				SWIFT_EMIT_LOC_STRINGS = NO;
				SWIFT_UPCOMING_FEATURE_MEMBER_IMPORT_VISIBILITY = YES;
				SWIFT_VERSION = 5.0;
				TARGETED_DEVICE_FAMILY = "1,2";
				TEST_HOST = "$(BUILT_PRODUCTS_DIR)/bycoders.app/$(BUNDLE_EXECUTABLE_FOLDER_PATH)/bycoders";
			};
			name = Debug;
		};
		C115DF8B2FD87E8A00FF7F0C /* Release */ = {
			isa = XCBuildConfiguration;
			buildSettings = {
				BUNDLE_LOADER = "$(TEST_HOST)";
				CODE_SIGN_STYLE = Automatic;
				CURRENT_PROJECT_VERSION = 1;
				DEVELOPMENT_TEAM = 92QDX4L77M;
				GENERATE_INFOPLIST_FILE = YES;
				IPHONEOS_DEPLOYMENT_TARGET = 26.1;
				MARKETING_VERSION = 1.0;
				PRODUCT_BUNDLE_IDENTIFIER = dev.aloisio.ByCodersTests;
				PRODUCT_NAME = "$(TARGET_NAME)";
				STRING_CATALOG_GENERATE_SYMBOLS = NO;
				SWIFT_APPROACHABLE_CONCURRENCY = YES;
				SWIFT_EMIT_LOC_STRINGS = NO;
				SWIFT_UPCOMING_FEATURE_MEMBER_IMPORT_VISIBILITY = YES;
				SWIFT_VERSION = 5.0;
				TARGETED_DEVICE_FAMILY = "1,2";
				TEST_HOST = "$(BUILT_PRODUCTS_DIR)/bycoders.app/$(BUNDLE_EXECUTABLE_FOLDER_PATH)/bycoders";
			};
			name = Release;
		};
		C115DF8D2FD87E8A00FF7F0C /* Debug */ = {
			isa = XCBuildConfiguration;
			buildSettings = {
				CODE_SIGN_STYLE = Automatic;
				CURRENT_PROJECT_VERSION = 1;
				DEVELOPMENT_TEAM = 92QDX4L77M;
				GENERATE_INFOPLIST_FILE = YES;
				MARKETING_VERSION = 1.0;
				PRODUCT_BUNDLE_IDENTIFIER = dev.aloisio.ByCodersUITests;
				PRODUCT_NAME = "$(TARGET_NAME)";
				STRING_CATALOG_GENERATE_SYMBOLS = NO;
				SWIFT_APPROACHABLE_CONCURRENCY = YES;
				SWIFT_EMIT_LOC_STRINGS = NO;
				SWIFT_UPCOMING_FEATURE_MEMBER_IMPORT_VISIBILITY = YES;
				SWIFT_VERSION = 5.0;
				TARGETED_DEVICE_FAMILY = "1,2";
				TEST_TARGET_NAME = bycoders;
			};
			name = Debug;
		};
		C115DF8E2FD87E8A00FF7F0C /* Release */ = {
			isa = XCBuildConfiguration;
			buildSettings = {
				CODE_SIGN_STYLE = Automatic;
				CURRENT_PROJECT_VERSION = 1;
				DEVELOPMENT_TEAM = 92QDX4L77M;
				GENERATE_INFOPLIST_FILE = YES;
				MARKETING_VERSION = 1.0;
				PRODUCT_BUNDLE_IDENTIFIER = dev.aloisio.ByCodersUITests;
				PRODUCT_NAME = "$(TARGET_NAME)";
				STRING_CATALOG_GENERATE_SYMBOLS = NO;
				SWIFT_APPROACHABLE_CONCURRENCY = YES;
				SWIFT_EMIT_LOC_STRINGS = NO;
				SWIFT_UPCOMING_FEATURE_MEMBER_IMPORT_VISIBILITY = YES;
				SWIFT_VERSION = 5.0;
				TARGETED_DEVICE_FAMILY = "1,2";
				TEST_TARGET_NAME = bycoders;
			};
			name = Release;
		};
/* End XCBuildConfiguration section */

/* Begin XCConfigurationList section */
		C115DF5B2FD87E8800FF7F0C /* Build configuration list for PBXProject "bycoders" */ = {
			isa = XCConfigurationList;
			buildConfigurations = (
				C115DF842FD87E8A00FF7F0C /* Debug */,
				C115DF852FD87E8A00FF7F0C /* Release */,
			);
			defaultConfigurationIsVisible = 0;
			defaultConfigurationName = Release;
		};
		C115DF862FD87E8A00FF7F0C /* Build configuration list for PBXNativeTarget "bycoders" */ = {
			isa = XCConfigurationList;
			buildConfigurations = (
				C115DF872FD87E8A00FF7F0C /* Debug */,
				C115DF882FD87E8A00FF7F0C /* Release */,
			);
			defaultConfigurationIsVisible = 0;
			defaultConfigurationName = Release;
		};
		C115DF892FD87E8A00FF7F0C /* Build configuration list for PBXNativeTarget "bycodersTests" */ = {
			isa = XCConfigurationList;
			buildConfigurations = (
				C115DF8A2FD87E8A00FF7F0C /* Debug */,
				C115DF8B2FD87E8A00FF7F0C /* Release */,
			);
			defaultConfigurationIsVisible = 0;
			defaultConfigurationName = Release;
		};
		C115DF8C2FD87E8A00FF7F0C /* Build configuration list for PBXNativeTarget "bycodersUITests" */ = {
			isa = XCConfigurationList;
			buildConfigurations = (
				C115DF8D2FD87E8A00FF7F0C /* Debug */,
				C115DF8E2FD87E8A00FF7F0C /* Release */,
			);
			defaultConfigurationIsVisible = 0;
			defaultConfigurationName = Release;
		};
/* End XCConfigurationList section */

/* Begin XCRemoteSwiftPackageReference section */
		C115DF922FD87FDB00FF7F0C /* XCRemoteSwiftPackageReference "firebase-ios-sdk" */ = {
			isa = XCRemoteSwiftPackageReference;
			repositoryURL = "https://github.com/firebase/firebase-ios-sdk.git";
			requirement = {
				kind = upToNextMajorVersion;
				minimumVersion = 12.14.0;
			};
		};
/* End XCRemoteSwiftPackageReference section */

/* Begin XCSwiftPackageProductDependency section */
		C115DF932FD87FDC00FF7F0C /* FirebaseAnalytics */ = {
			isa = XCSwiftPackageProductDependency;
			package = C115DF922FD87FDB00FF7F0C /* XCRemoteSwiftPackageReference "firebase-ios-sdk" */;
			productName = FirebaseAnalytics;
		};
		C115DF952FD87FDC00FF7F0C /* FirebaseAuth */ = {
			isa = XCSwiftPackageProductDependency;
			package = C115DF922FD87FDB00FF7F0C /* XCRemoteSwiftPackageReference "firebase-ios-sdk" */;
			productName = FirebaseAuth;
		};
		C115DF972FD87FDC00FF7F0C /* FirebaseCore */ = {
			isa = XCSwiftPackageProductDependency;
			package = C115DF922FD87FDB00FF7F0C /* XCRemoteSwiftPackageReference "firebase-ios-sdk" */;
			productName = FirebaseCore;
		};
		C115DF992FD87FDC00FF7F0C /* FirebaseCrashlytics */ = {
			isa = XCSwiftPackageProductDependency;
			package = C115DF922FD87FDB00FF7F0C /* XCRemoteSwiftPackageReference "firebase-ios-sdk" */;
			productName = FirebaseCrashlytics;
		};
/* End XCSwiftPackageProductDependency section */
	};
	rootObject = C115DF582FD87E8800FF7F0C /* Project object */;
}
